
Microsoft Visual Studio Solution File, Format Version 12.00
# Visual Studio Version 17
VisualStudioVersion = 17.10.35027.167
MinimumVisualStudioVersion = 10.0.40219.1
Project("{FAE04EC0-301F-11D3-BF4B-00C04F79EFBC}") = "THTHU1_NET104", "THTHU1_NET104\THTHU1_NET104.csproj", "{530789F0-07D5-4434-AFEE-3F233B854323}"
EndProject
Global
	GlobalSection(SolutionConfigurationPlatforms) = preSolution
		Debug|Any CPU = Debug|Any CPU
		Release|Any CPU = Release|Any CPU
	EndGlobalSection
	GlobalSection(ProjectConfigurationPlatforms) = postSolution
		{530789F0-07D5-4434-AFEE-3F233B854323}.Debug|Any CPU.ActiveCfg = Debug|Any CPU
		{530789F0-07D5-4434-AFEE-3F233B854323}.Debug|Any CPU.Build.0 = Debug|Any CPU
		{530789F0-07D5-4434-AFEE-3F233B854323}.Release|Any CPU.ActiveCfg = Release|Any CPU
		{530789F0-07D5-4434-AFEE-3F233B854323}.Release|Any CPU.Build.0 = Release|Any CPU
	EndGlobalSection
	GlobalSection(SolutionProperties) = preSolution
		HideSolutionNode = FALSE
	EndGlobalSection
	GlobalSection(ExtensibilityGlobals) = postSolution
		SolutionGuid = {02CC0B33-8314-4A2F-8ED8-9555B8277852}
	EndGlobalSection
EndGlobal
